// !$*UTF8*$!
{
	archiveVersion = 1;
	classes = {
	};
	objectVersion = 46;
	objects = {

/* Begin PBXBuildFile section */
		3282E6C51985884600D81BFF /* Foundation.framework in Frameworks */ = {isa = PBXBuildFile; fileRef = 3282E6C41985884600D81BFF /* Foundation.framework */; };
		3282E6C71985884600D81BFF /* CoreGraphics.framework in Frameworks */ = {isa = PBXBuildFile; fileRef = 3282E6C61985884600D81BFF /* CoreGraphics.framework */; };
		3282E6C91985884600D81BFF /* UIKit.framework in Frameworks */ = {isa = PBXBuildFile; fileRef = 3282E6C81985884600D81BFF /* UIKit.framework */; };
		3282E6CF1985884600D81BFF /* InfoPlist.strings in Resources */ = {isa = PBXBuildFile; fileRef = 3282E6CD1985884600D81BFF /* InfoPlist.strings */; };
		3282E6D11985884600D81BFF /* main.m in Sources */ = {isa = PBXBuildFile; fileRef = 3282E6D01985884600D81BFF /* main.m */; };
		3282E6D51985884600D81BFF /* OWAppDelegate.m in Sources */ = {isa = PBXBuildFile; fileRef = 3282E6D41985884600D81BFF /* OWAppDelegate.m */; };
		3282E6D81985884600D81BFF /* Main.storyboard in Resources */ = {isa = PBXBuildFile; fileRef = 3282E6D61985884600D81BFF /* Main.storyboard */; };
		3282E6DD1985884600D81BFF /* Images.xcassets in Resources */ = {isa = PBXBuildFile; fileRef = 3282E6DC1985884600D81BFF /* Images.xcassets */; };
		3282E6E41985884600D81BFF /* XCTest.framework in Frameworks */ = {isa = PBXBuildFile; fileRef = 3282E6E31985884600D81BFF /* XCTest.framework */; };
		3282E6E51985884600D81BFF /* Foundation.framework in Frameworks */ = {isa = PBXBuildFile; fileRef = 3282E6C41985884600D81BFF /* Foundation.framework */; };
		3282E6E61985884600D81BFF /* UIKit.framework in Frameworks */ = {isa = PBXBuildFile; fileRef = 3282E6C81985884600D81BFF /* UIKit.framework */; };
		3282E6EE1985884600D81BFF /* InfoPlist.strings in Resources */ = {isa = PBXBuildFile; fileRef = 3282E6EC1985884600D81BFF /* InfoPlist.strings */; };
		3282E6F01985884600D81BFF /* Out_of_this_WorldTests.m in Sources */ = {isa = PBXBuildFile; fileRef = 3282E6EF1985884600D81BFF /* Out_of_this_WorldTests.m */; };
		3282E6FB1985893A00D81BFF /* OWOuterSpaceTableViewController.m in Sources */ = {isa = PBXBuildFile; fileRef = 3282E6FA1985893A00D81BFF /* OWOuterSpaceTableViewController.m */; };
		3282E6FE198DAC6100D81BFF /* AstronomicalData.m in Sources */ = {isa = PBXBuildFile; fileRef = 3282E6FD198DAC6100D81BFF /* AstronomicalData.m */; };
/* End PBXBuildFile section */

/* Begin PBXContainerItemProxy section */
		3282E6E71985884600D81BFF /* PBXContainerItemProxy */ = {
			isa = PBXContainerItemProxy;
			containerPortal = 3282E6B91985884600D81BFF /* Project object */;
			proxyType = 1;
			remoteGlobalIDString = 3282E6C01985884600D81BFF;
			remoteInfo = "Out of this World";
		};
/* End PBXContainerItemProxy section */

/* Begin PBXFileReference section */
		3282E6C11985884600D81BFF /* Out of this World.app */ = {isa = PBXFileReference; explicitFileType = wrapper.application; includeInIndex = 0; path = "Out of this World.app"; sourceTree = BUILT_PRODUCTS_DIR; };
		3282E6C41985884600D81BFF /* Foundation.framework */ = {isa = PBXFileReference; lastKnownFileType = wrapper.framework; name = Foundation.framework; path = System/Library/Frameworks/Foundation.framework; sourceTree = SDKROOT; };
		3282E6C61985884600D81BFF /* CoreGraphics.framework */ = {isa = PBXFileReference; lastKnownFileType = wrapper.framework; name = CoreGraphics.framework; path = System/Library/Frameworks/CoreGraphics.framework; sourceTree = SDKROOT; };
		3282E6C81985884600D81BFF /* UIKit.framework */ = {isa = PBXFileReference; lastKnownFileType = wrapper.framework; name = UIKit.framework; path = System/Library/Frameworks/UIKit.framework; sourceTree = SDKROOT; };
		3282E6CC1985884600D81BFF /* Out of this World-Info.plist */ = {isa = PBXFileReference; lastKnownFileType = text.plist.xml; path = "Out of this World-Info.plist"; sourceTree = "<group>"; };
		3282E6CE1985884600D81BFF /* en */ = {isa = PBXFileReference; lastKnownFileType = text.plist.strings; name = en; path = en.lproj/InfoPlist.strings; sourceTree = "<group>"; };
		3282E6D01985884600D81BFF /* main.m */ = {isa = PBXFileReference; lastKnownFileType = sourcecode.c.objc; path = main.m; sourceTree = "<group>"; };
		3282E6D21985884600D81BFF /* Out of this World-Prefix.pch */ = {isa = PBXFileReference; lastKnownFileType = sourcecode.c.h; path = "Out of this World-Prefix.pch"; sourceTree = "<group>"; };
		3282E6D31985884600D81BFF /* OWAppDelegate.h */ = {isa = PBXFileReference; lastKnownFileType = sourcecode.c.h; path = OWAppDelegate.h; sourceTree = "<group>"; };
		3282E6D41985884600D81BFF /* OWAppDelegate.m */ = {isa = PBXFileReference; lastKnownFileType = sourcecode.c.objc; path = OWAppDelegate.m; sourceTree = "<group>"; };
		3282E6D71985884600D81BFF /* Base */ = {isa = PBXFileReference; lastKnownFileType = file.storyboard; name = Base; path = Base.lproj/Main.storyboard; sourceTree = "<group>"; };
		3282E6DC1985884600D81BFF /* Images.xcassets */ = {isa = PBXFileReference; lastKnownFileType = folder.assetcatalog; path = Images.xcassets; sourceTree = "<group>"; };
		3282E6E21985884600D81BFF /* Out of this WorldTests.xctest */ = {isa = PBXFileReference; explicitFileType = wrapper.cfbundle; includeInIndex = 0; path = "Out of this WorldTests.xctest"; sourceTree = BUILT_PRODUCTS_DIR; };
		3282E6E31985884600D81BFF /* XCTest.framework */ = {isa = PBXFileReference; lastKnownFileType = wrapper.framework; name = XCTest.framework; path = Library/Frameworks/XCTest.framework; sourceTree = DEVELOPER_DIR; };
		3282E6EB1985884600D81BFF /* Out of this WorldTests-Info.plist */ = {isa = PBXFileReference; lastKnownFileType = text.plist.xml; path = "Out of this WorldTests-Info.plist"; sourceTree = "<group>"; };
		3282E6ED1985884600D81BFF /* en */ = {isa = PBXFileReference; lastKnownFileType = text.plist.strings; name = en; path = en.lproj/InfoPlist.strings; sourceTree = "<group>"; };
		3282E6EF1985884600D81BFF /* Out_of_this_WorldTests.m */ = {isa = PBXFileReference; lastKnownFileType = sourcecode.c.objc; path = Out_of_this_WorldTests.m; sourceTree = "<group>"; };
		3282E6F91985893A00D81BFF /* OWOuterSpaceTableViewController.h */ = {isa = PBXFileReference; fileEncoding = 4; lastKnownFileType = sourcecode.c.h; name = OWOuterSpaceTableViewController.h; path = ../OWOuterSpaceTableViewController.h; sourceTree = "<group>"; };
		3282E6FA1985893A00D81BFF /* OWOuterSpaceTableViewController.m */ = {isa = PBXFileReference; fileEncoding = 4; lastKnownFileType = sourcecode.c.objc; name = OWOuterSpaceTableViewController.m; path = ../OWOuterSpaceTableViewController.m; sourceTree = "<group>"; };
		3282E6FC198DAC6100D81BFF /* AstronomicalData.h */ = {isa = PBXFileReference; fileEncoding = 4; lastKnownFileType = sourcecode.c.h; path = AstronomicalData.h; sourceTree = "<group>"; };
		3282E6FD198DAC6100D81BFF /* AstronomicalData.m */ = {isa = PBXFileReference; fileEncoding = 4; lastKnownFileType = sourcecode.c.objc; path = AstronomicalData.m; sourceTree = "<group>"; };
/* End PBXFileReference section */

/* Begin PBXFrameworksBuildPhase section */
		3282E6BE1985884600D81BFF /* Frameworks */ = {
			isa = PBXFrameworksBuildPhase;
			buildActionMask = 2147483647;
			files = (
				3282E6C71985884600D81BFF /* CoreGraphics.framework in Frameworks */,
				3282E6C91985884600D81BFF /* UIKit.framework in Frameworks */,
				3282E6C51985884600D81BFF /* Foundation.framework in Frameworks */,
			);
			runOnlyForDeploymentPostprocessing = 0;
		};
		3282E6DF1985884600D81BFF /* Frameworks */ = {
			isa = PBXFrameworksBuildPhase;
			buildActionMask = 2147483647;
			files = (
				3282E6E41985884600D81BFF /* XCTest.framework in Frameworks */,
				3282E6E61985884600D81BFF /* UIKit.framework in Frameworks */,
				3282E6E51985884600D81BFF /* Foundation.framework in Frameworks */,
			);
			runOnlyForDeploymentPostprocessing = 0;
		};
/* End PBXFrameworksBuildPhase section */

/* Begin PBXGroup section */
		3282E6B81985884600D81BFF = {
			isa = PBXGroup;
			children = (
				3282E6CA1985884600D81BFF /* Out of this World */,
				3282E6E91985884600D81BFF /* Out of this WorldTests */,
				3282E6C31985884600D81BFF /* Frameworks */,
				3282E6C21985884600D81BFF /* Products */,
			);
			sourceTree = "<group>";
		};
		3282E6C21985884600D81BFF /* Products */ = {
			isa = PBXGroup;
			children = (
				3282E6C11985884600D81BFF /* Out of this World.app */,
				3282E6E21985884600D81BFF /* Out of this WorldTests.xctest */,
			);
			name = Products;
			sourceTree = "<group>";
		};
		3282E6C31985884600D81BFF /* Frameworks */ = {
			isa = PBXGroup;
			children = (
				3282E6C41985884600D81BFF /* Foundation.framework */,
				3282E6C61985884600D81BFF /* CoreGraphics.framework */,
				3282E6C81985884600D81BFF /* UIKit.framework */,
				3282E6E31985884600D81BFF /* XCTest.framework */,
			);
			name = Frameworks;
			sourceTree = "<group>";
		};
		3282E6CA1985884600D81BFF /* Out of this World */ = {
			isa = PBXGroup;
			children = (
				3282E6D31985884600D81BFF /* OWAppDelegate.h */,
				3282E6D41985884600D81BFF /* OWAppDelegate.m */,
				3282E6D61985884600D81BFF /* Main.storyboard */,
				3282E6F91985893A00D81BFF /* OWOuterSpaceTableViewController.h */,
				3282E6FA1985893A00D81BFF /* OWOuterSpaceTableViewController.m */,
				3282E6DC1985884600D81BFF /* Images.xcassets */,
				3282E6CB1985884600D81BFF /* Supporting Files */,
			);
			path = "Out of this World";
			sourceTree = "<group>";
		};
		3282E6CB1985884600D81BFF /* Supporting Files */ = {
			isa = PBXGroup;
			children = (
				3282E6FC198DAC6100D81BFF /* AstronomicalData.h */,
				3282E6FD198DAC6100D81BFF /* AstronomicalData.m */,
				3282E6CC1985884600D81BFF /* Out of this World-Info.plist */,
				3282E6CD1985884600D81BFF /* InfoPlist.strings */,
				3282E6D01985884600D81BFF /* main.m */,
				3282E6D21985884600D81BFF /* Out of this World-Prefix.pch */,
			);
			name = "Supporting Files";
			sourceTree = "<group>";
		};
		3282E6E91985884600D81BFF /* Out of this WorldTests */ = {
			isa = PBXGroup;
			children = (
				3282E6EF1985884600D81BFF /* Out_of_this_WorldTests.m */,
				3282E6EA1985884600D81BFF /* Supporting Files */,
			);
			path = "Out of this WorldTests";
			sourceTree = "<group>";
		};
		3282E6EA1985884600D81BFF /* Supporting Files */ = {
			isa = PBXGroup;
			children = (
				3282E6EB1985884600D81BFF /* Out of this WorldTests-Info.plist */,
				3282E6EC1985884600D81BFF /* InfoPlist.strings */,
			);
			name = "Supporting Files";
			sourceTree = "<group>";
		};
/* End PBXGroup section */

/* Begin PBXNativeTarget section */
		3282E6C01985884600D81BFF /* Out of this World */ = {
			isa = PBXNativeTarget;
			buildConfigurationList = 3282E6F31985884600D81BFF /* Build configuration list for PBXNativeTarget "Out of this World" */;
			buildPhases = (
				3282E6BD1985884600D81BFF /* Sources */,
				3282E6BE1985884600D81BFF /* Frameworks */,
				3282E6BF1985884600D81BFF /* Resources */,
			);
			buildRules = (
			);
			dependencies = (
			);
			name = "Out of this World";
			productName = "Out of this World";
			productReference = 3282E6C11985884600D81BFF /* Out of this World.app */;
			productType = "com.apple.product-type.application";
		};
		3282E6E11985884600D81BFF /* Out of this WorldTests */ = {
			isa = PBXNativeTarget;
			buildConfigurationList = 3282E6F61985884600D81BFF /* Build configuration list for PBXNativeTarget "Out of this WorldTests" */;
			buildPhases = (
				3282E6DE1985884600D81BFF /* Sources */,
				3282E6DF1985884600D81BFF /* Frameworks */,
				3282E6E01985884600D81BFF /* Resources */,
			);
			buildRules = (
			);
			dependencies = (
				3282E6E81985884600D81BFF /* PBXTargetDependency */,
			);
			name = "Out of this WorldTests";
			productName = "Out of this WorldTests";
			productReference = 3282E6E21985884600D81BFF /* Out of this WorldTests.xctest */;
			productType = "com.apple.product-type.bundle.unit-test";
		};
/* End PBXNativeTarget section */

/* Begin PBXProject section */
		3282E6B91985884600D81BFF /* Project object */ = {
			isa = PBXProject;
			attributes = {
				CLASSPREFIX = OW;
				LastUpgradeCheck = 0510;
				ORGANIZATIONNAME = TJG;
				TargetAttributes = {
					3282E6E11985884600D81BFF = {
						TestTargetID = 3282E6C01985884600D81BFF;
					};
				};
			};
			buildConfigurationList = 3282E6BC1985884600D81BFF /* Build configuration list for PBXProject "Out of this World" */;
			compatibilityVersion = "Xcode 3.2";
			developmentRegion = English;
			hasScannedForEncodings = 0;
			knownRegions = (
				en,
				Base,
			);
			mainGroup = 3282E6B81985884600D81BFF;
			productRefGroup = 3282E6C21985884600D81BFF /* Products */;
			projectDirPath = "";
			projectRoot = "";
			targets = (
				3282E6C01985884600D81BFF /* Out of this World */,
				3282E6E11985884600D81BFF /* Out of this WorldTests */,
			);
		};
/* End PBXProject section */

/* Begin PBXResourcesBuildPhase section */
		3282E6BF1985884600D81BFF /* Resources */ = {
			isa = PBXResourcesBuildPhase;
			buildActionMask = 2147483647;
			files = (
				3282E6DD1985884600D81BFF /* Images.xcassets in Resources */,
				3282E6CF1985884600D81BFF /* InfoPlist.strings in Resources */,
				3282E6D81985884600D81BFF /* Main.storyboard in Resources */,
			);
			runOnlyForDeploymentPostprocessing = 0;
		};
		3282E6E01985884600D81BFF /* Resources */ = {
			isa = PBXResourcesBuildPhase;
			buildActionMask = 2147483647;
			files = (
				3282E6EE1985884600D81BFF /* InfoPlist.strings in Resources */,
			);
			runOnlyForDeploymentPostprocessing = 0;
		};
/* End PBXResourcesBuildPhase section */

/* Begin PBXSourcesBuildPhase section */
		3282E6BD1985884600D81BFF /* Sources */ = {
			isa = PBXSourcesBuildPhase;
			buildActionMask = 2147483647;
			files = (
				3282E6FB1985893A00D81BFF /* OWOuterSpaceTableViewController.m in Sources */,
				3282E6D51985884600D81BFF /* OWAppDelegate.m in Sources */,
				3282E6D11985884600D81BFF /* main.m in Sources */,
				3282E6FE198DAC6100D81BFF /* AstronomicalData.m in Sources */,
			);
			runOnlyForDeploymentPostprocessing = 0;
		};
		3282E6DE1985884600D81BFF /* Sources */ = {
			isa = PBXSourcesBuildPhase;
			buildActionMask = 2147483647;
			files = (
				3282E6F01985884600D81BFF /* Out_of_this_WorldTests.m in Sources */,
			);
			runOnlyForDeploymentPostprocessing = 0;
		};
/* End PBXSourcesBuildPhase section */

/* Begin PBXTargetDependency section */
		3282E6E81985884600D81BFF /* PBXTargetDependency */ = {
			isa = PBXTargetDependency;
			target = 3282E6C01985884600D81BFF /* Out of this World */;
			targetProxy = 3282E6E71985884600D81BFF /* PBXContainerItemProxy */;
		};
/* End PBXTargetDependency section */

/* Begin PBXVariantGroup section */
		3282E6CD1985884600D81BFF /* InfoPlist.strings */ = {
			isa = PBXVariantGroup;
			children = (
				3282E6CE1985884600D81BFF /* en */,
			);
			name = InfoPlist.strings;
			sourceTree = "<group>";
		};
		3282E6D61985884600D81BFF /* Main.storyboard */ = {
			isa = PBXVariantGroup;
			children = (
				3282E6D71985884600D81BFF /* Base */,
			);
			name = Main.storyboard;
			sourceTree = "<group>";
		};
		3282E6EC1985884600D81BFF /* InfoPlist.strings */ = {
			isa = PBXVariantGroup;
			children = (
				3282E6ED1985884600D81BFF /* en */,
			);
			name = InfoPlist.strings;
			sourceTree = "<group>";
		};
/* End PBXVariantGroup section */

/* Begin XCBuildConfiguration section */
		3282E6F11985884600D81BFF /* Debug */ = {
			isa = XCBuildConfiguration;
			buildSettings = {
				ALWAYS_SEARCH_USER_PATHS = NO;
				CLANG_CXX_LANGUAGE_STANDARD = "gnu++0x";
				CLANG_CXX_LIBRARY = "libc++";
				CLANG_ENABLE_MODULES = YES;
				CLANG_ENABLE_OBJC_ARC = YES;
				CLANG_WARN_BOOL_CONVERSION = YES;
				CLANG_WARN_CONSTANT_CONVERSION = YES;
				CLANG_WARN_DIRECT_OBJC_ISA_USAGE = YES_ERROR;
				CLANG_WARN_EMPTY_BODY = YES;
				CLANG_WARN_ENUM_CONVERSION = YES;
				CLANG_WARN_INT_CONVERSION = YES;
				CLANG_WARN_OBJC_ROOT_CLASS = YES_ERROR;
				CLANG_WARN__DUPLICATE_METHOD_MATCH = YES;
				"CODE_SIGN_IDENTITY[sdk=iphoneos*]" = "iPhone Developer";
				COPY_PHASE_STRIP = NO;
				GCC_C_LANGUAGE_STANDARD = gnu99;
				GCC_DYNAMIC_NO_PIC = NO;
				GCC_OPTIMIZATION_LEVEL = 0;
				GCC_PREPROCESSOR_DEFINITIONS = (
					"DEBUG=1",
					"$(inherited)",
				);
				GCC_SYMBOLS_PRIVATE_EXTERN = NO;
				GCC_WARN_64_TO_32_BIT_CONVERSION = YES;
				GCC_WARN_ABOUT_RETURN_TYPE = YES_ERROR;
				GCC_WARN_UNDECLARED_SELECTOR = YES;
				GCC_WARN_UNINITIALIZED_AUTOS = YES_AGGRESSIVE;
				GCC_WARN_UNUSED_FUNCTION = YES;
				GCC_WARN_UNUSED_VARIABLE = YES;
				IPHONEOS_DEPLOYMENT_TARGET = 7.1;
				ONLY_ACTIVE_ARCH = YES;
				SDKROOT = iphoneos;
			};
			name = Debug;
		};
		3282E6F21985884600D81BFF /* Release */ = {
			isa = XCBuildConfiguration;
			buildSettings = {
				ALWAYS_SEARCH_USER_PATHS = NO;
				CLANG_CXX_LANGUAGE_STANDARD = "gnu++0x";
				CLANG_CXX_LIBRARY = "libc++";
				CLANG_ENABLE_MODULES = YES;
				CLANG_ENABLE_OBJC_ARC = YES;
				CLANG_WARN_BOOL_CONVERSION = YES;
				CLANG_WARN_CONSTANT_CONVERSION = YES;
				CLANG_WARN_DIRECT_OBJC_ISA_USAGE = YES_ERROR;
				CLANG_WARN_EMPTY_BODY = YES;
				CLANG_WARN_ENUM_CONVERSION = YES;
				CLANG_WARN_INT_CONVERSION = YES;
				CLANG_WARN_OBJC_ROOT_CLASS = YES_ERROR;
				CLANG_WARN__DUPLICATE_METHOD_MATCH = YES;
				"CODE_SIGN_IDENTITY[sdk=iphoneos*]" = "iPhone Developer";
				COPY_PHASE_STRIP = YES;
				ENABLE_NS_ASSERTIONS = NO;
				GCC_C_LANGUAGE_STANDARD = gnu99;
				GCC_WARN_64_TO_32_BIT_CONVERSION = YES;
				GCC_WARN_ABOUT_RETURN_TYPE = YES_ERROR;
				GCC_WARN_UNDECLARED_SELECTOR = YES;
				GCC_WARN_UNINITIALIZED_AUTOS = YES_AGGRESSIVE;
				GCC_WARN_UNUSED_FUNCTION = YES;
				GCC_WARN_UNUSED_VARIABLE = YES;
				IPHONEOS_DEPLOYMENT_TARGET = 7.1;
				SDKROOT = iphoneos;
				VALIDATE_PRODUCT = YES;
			};
			name = Release;
		};
		3282E6F41985884600D81BFF /* Debug */ = {
			isa = XCBuildConfiguration;
			buildSettings = {
				ASSETCATALOG_COMPILER_APPICON_NAME = AppIcon;
				ASSETCATALOG_COMPILER_LAUNCHIMAGE_NAME = LaunchImage;
				GCC_PRECOMPILE_PREFIX_HEADER = YES;
				GCC_PREFIX_HEADER = "Out of this World/Out of this World-Prefix.pch";
				INFOPLIST_FILE = "Out of this World/Out of this World-Info.plist";
				PRODUCT_NAME = "$(TARGET_NAME)";
				WRAPPER_EXTENSION = app;
			};
			name = Debug;
		};
		3282E6F51985884600D81BFF /* Release */ = {
			isa = XCBuildConfiguration;
			buildSettings = {
				ASSETCATALOG_COMPILER_APPICON_NAME = AppIcon;
				ASSETCATALOG_COMPILER_LAUNCHIMAGE_NAME = LaunchImage;
				GCC_PRECOMPILE_PREFIX_HEADER = YES;
				GCC_PREFIX_HEADER = "Out of this World/Out of this World-Prefix.pch";
				INFOPLIST_FILE = "Out of this World/Out of this World-Info.plist";
				PRODUCT_NAME = "$(TARGET_NAME)";
				WRAPPER_EXTENSION = app;
			};
			name = Release;
		};
		3282E6F71985884600D81BFF /* Debug */ = {
			isa = XCBuildConfiguration;
			buildSettings = {
				BUNDLE_LOADER = "$(BUILT_PRODUCTS_DIR)/Out of this World.app/Out of this World";
				FRAMEWORK_SEARCH_PATHS = (
					"$(SDKROOT)/Developer/Library/Frameworks",
					"$(inherited)",
					"$(DEVELOPER_FRAMEWORKS_DIR)",
				);
				GCC_PRECOMPILE_PREFIX_HEADER = YES;
				GCC_PREFIX_HEADER = "Out of this World/Out of this World-Prefix.pch";
				GCC_PREPROCESSOR_DEFINITIONS = (
					"DEBUG=1",
					"$(inherited)",
				);
				INFOPLIST_FILE = "Out of this WorldTests/Out of this WorldTests-Info.plist";
				PRODUCT_NAME = "$(TARGET_NAME)";
				TEST_HOST = "$(BUNDLE_LOADER)";
				WRAPPER_EXTENSION = xctest;
			};
			name = Debug;
		};
		3282E6F81985884600D81BFF /* Release */ = {
			isa = XCBuildConfiguration;
			buildSettings = {
				BUNDLE_LOADER = "$(BUILT_PRODUCTS_DIR)/Out of this World.app/Out of this World";
				FRAMEWORK_SEARCH_PATHS = (
					"$(SDKROOT)/Developer/Library/Frameworks",
					"$(inherited)",
					"$(DEVELOPER_FRAMEWORKS_DIR)",
				);
				GCC_PRECOMPILE_PREFIX_HEADER = YES;
				GCC_PREFIX_HEADER = "Out of this World/Out of this World-Prefix.pch";
				INFOPLIST_FILE = "Out of this WorldTests/Out of this WorldTests-Info.plist";
				PRODUCT_NAME = "$(TARGET_NAME)";
				TEST_HOST = "$(BUNDLE_LOADER)";
				WRAPPER_EXTENSION = xctest;
			};
			name = Release;
		};
/* End XCBuildConfiguration section */

/* Begin XCConfigurationList section */
		3282E6BC1985884600D81BFF /* Build configuration list for PBXProject "Out of this World" */ = {
			isa = XCConfigurationList;
			buildConfigurations = (
				3282E6F11985884600D81BFF /* Debug */,
				3282E6F21985884600D81BFF /* Release */,
			);
			defaultConfigurationIsVisible = 0;
			defaultConfigurationName = Release;
		};
		3282E6F31985884600D81BFF /* Build configuration list for PBXNativeTarget "Out of this World" */ = {
			isa = XCConfigurationList;
			buildConfigurations = (
				3282E6F41985884600D81BFF /* Debug */,
				3282E6F51985884600D81BFF /* Release */,
			);
			defaultConfigurationIsVisible = 0;
		};
		3282E6F61985884600D81BFF /* Build configuration list for PBXNativeTarget "Out of this WorldTests" */ = {
			isa = XCConfigurationList;
			buildConfigurations = (
				3282E6F71985884600D81BFF /* Debug */,
				3282E6F81985884600D81BFF /* Release */,
			);
			defaultConfigurationIsVisible = 0;
		};
/* End XCConfigurationList section */
	};
	rootObject = 3282E6B91985884600D81BFF /* Project object */;
}
